
Microsoft Visual Studio Solution File, Format Version 12.00
# Visual Studio Version 17
VisualStudioVersion = 17.8.34330.188
MinimumVisualStudioVersion = 10.0.40219.1
Project("{FAE04EC0-301F-11D3-BF4B-00C04F79EFBC}") = "mojPrviZadatak", "mojPrviZadatak\mojPrviZadatak.csproj", "{E1B3EFEA-0AB0-40E7-BF74-68B61AE2AB5B}"
EndProject
Global
	GlobalSection(SolutionConfigurationPlatforms) = preSolution
		Debug|Any CPU = Debug|Any CPU
		Release|Any CPU = Release|Any CPU
	EndGlobalSection
	GlobalSection(ProjectConfigurationPlatforms) = postSolution
		{E1B3EFEA-0AB0-40E7-BF74-68B61AE2AB5B}.Debug|Any CPU.ActiveCfg = Debug|Any CPU
		{E1B3EFEA-0AB0-40E7-BF74-68B61AE2AB5B}.Debug|Any CPU.Build.0 = Debug|Any CPU
		{E1B3EFEA-0AB0-40E7-BF74-68B61AE2AB5B}.Release|Any CPU.ActiveCfg = Release|Any CPU
		{E1B3EFEA-0AB0-40E7-BF74-68B61AE2AB5B}.Release|Any CPU.Build.0 = Release|Any CPU
	EndGlobalSection
	GlobalSection(SolutionProperties) = preSolution
		HideSolutionNode = FALSE
	EndGlobalSection
	GlobalSection(ExtensibilityGlobals) = postSolution
		SolutionGuid = {7A2221C5-5A36-4716-A0F7-F080E3B02B31}
	EndGlobalSection
EndGlobal
